
Microsoft Visual Studio Solution File, Format Version 12.00
# Visual Studio 15
VisualStudioVersion = 15.0.27703.2000
MinimumVisualStudioVersion = 10.0.40219.1
Project("{FAE04EC0-301F-11D3-BF4B-00C04F79EFBC}") = "FinanceManagerAPI", "FinanceManagerAPI\FinanceManagerAPI.csproj", "{EB29B67D-A618-468F-AE1D-EC8B4E2764A5}"
EndProject
Global
	GlobalSection(SolutionConfigurationPlatforms) = preSolution
		Debug|Any CPU = Debug|Any CPU
		Release|Any CPU = Release|Any CPU
	EndGlobalSection
	GlobalSection(ProjectConfigurationPlatforms) = postSolution
		{EB29B67D-A618-468F-AE1D-EC8B4E2764A5}.Debug|Any CPU.ActiveCfg = Debug|Any CPU
		{EB29B67D-A618-468F-AE1D-EC8B4E2764A5}.Debug|Any CPU.Build.0 = Debug|Any CPU
		{EB29B67D-A618-468F-AE1D-EC8B4E2764A5}.Release|Any CPU.ActiveCfg = Release|Any CPU
		{EB29B67D-A618-468F-AE1D-EC8B4E2764A5}.Release|Any CPU.Build.0 = Release|Any CPU
	EndGlobalSection
	GlobalSection(SolutionProperties) = preSolution
		HideSolutionNode = FALSE
	EndGlobalSection
	GlobalSection(ExtensibilityGlobals) = postSolution
		SolutionGuid = {5F786348-A6B7-4B83-84E9-3729BCFC28D3}
	EndGlobalSection
EndGlobal
